
Microsoft Visual Studio Solution File, Format Version 12.00
# Visual Studio Version 17
VisualStudioVersion = 17.7.34031.279
MinimumVisualStudioVersion = 10.0.40219.1
Project("{FAE04EC0-301F-11D3-BF4B-00C04F79EFBC}") = "HealthCheckSample", "HealthCheckSample.csproj", "{4E774C12-1017-4B90-A36D-649042485FAD}"
EndProject
Global
	GlobalSection(SolutionConfigurationPlatforms) = preSolution
		Debug|Any CPU = Debug|Any CPU
		Release|Any CPU = Release|Any CPU
	EndGlobalSection
	GlobalSection(ProjectConfigurationPlatforms) = postSolution
		{4E774C12-1017-4B90-A36D-649042485FAD}.Debug|Any CPU.ActiveCfg = Debug|Any CPU
		{4E774C12-1017-4B90-A36D-649042485FAD}.Debug|Any CPU.Build.0 = Debug|Any CPU
		{4E774C12-1017-4B90-A36D-649042485FAD}.Release|Any CPU.ActiveCfg = Release|Any CPU
		{4E774C12-1017-4B90-A36D-649042485FAD}.Release|Any CPU.Build.0 = Release|Any CPU
	EndGlobalSection
	GlobalSection(SolutionProperties) = preSolution
		HideSolutionNode = FALSE
	EndGlobalSection
	GlobalSection(ExtensibilityGlobals) = postSolution
		SolutionGuid = {22DCCFCC-F78A-490D-AA1E-EE96E00CFA17}
	EndGlobalSection
EndGlobal
